
Microsoft Visual Studio Solution File, Format Version 12.00
# Visual Studio Version 16
VisualStudioVersion = 16.0.31019.35
MinimumVisualStudioVersion = 10.0.40219.1
Project("{9A19103F-16F7-4668-BE54-9A1E7A4F7556}") = "ConsoleApp", "ConsoleApp\ConsoleApp.csproj", "{815F3C2F-F436-4B43-A279-5AA462FECC19}"
EndProject
Project("{FAE04EC0-301F-11D3-BF4B-00C04F79EFBC}") = "ExtensionMethod.Test", "ExtensionMethod.Test\ExtensionMethod.Test.csproj", "{6B08FCF5-0103-4054-9F22-9862E0C5BB21}"
EndProject
Global
	GlobalSection(SolutionConfigurationPlatforms) = preSolution
		Debug|Any CPU = Debug|Any CPU
		Release|Any CPU = Release|Any CPU
	EndGlobalSection
	GlobalSection(ProjectConfigurationPlatforms) = postSolution
		{815F3C2F-F436-4B43-A279-5AA462FECC19}.Debug|Any CPU.ActiveCfg = Debug|Any CPU
		{815F3C2F-F436-4B43-A279-5AA462FECC19}.Debug|Any CPU.Build.0 = Debug|Any CPU
		{815F3C2F-F436-4B43-A279-5AA462FECC19}.Release|Any CPU.ActiveCfg = Release|Any CPU
		{815F3C2F-F436-4B43-A279-5AA462FECC19}.Release|Any CPU.Build.0 = Release|Any CPU
		{6B08FCF5-0103-4054-9F22-9862E0C5BB21}.Debug|Any CPU.ActiveCfg = Debug|Any CPU
		{6B08FCF5-0103-4054-9F22-9862E0C5BB21}.Debug|Any CPU.Build.0 = Debug|Any CPU
		{6B08FCF5-0103-4054-9F22-9862E0C5BB21}.Release|Any CPU.ActiveCfg = Release|Any CPU
		{6B08FCF5-0103-4054-9F22-9862E0C5BB21}.Release|Any CPU.Build.0 = Release|Any CPU
	EndGlobalSection
	GlobalSection(SolutionProperties) = preSolution
		HideSolutionNode = FALSE
	EndGlobalSection
	GlobalSection(ExtensibilityGlobals) = postSolution
		SolutionGuid = {7CCF3965-F0C1-4F7A-94B0-B00535D9A14E}
	EndGlobalSection
EndGlobal
